// !$*UTF8*$!
{
	archiveVersion = 1;
	classes = {
	};
	objectVersion = 46;
	objects = {

/* Begin PBXBuildFile section */
		40516C791F0F919000605CCF /* SideMenuDataManager.swift in Sources */ = {isa = PBXBuildFile; fileRef = 40516C551F0F919000605CCF /* SideMenuDataManager.swift */; };
		40516C7A1F0F919000605CCF /* SideMenuDataManagerProtocols.swift in Sources */ = {isa = PBXBuildFile; fileRef = 40516C561F0F919000605CCF /* SideMenuDataManagerProtocols.swift */; };
		40516C7B1F0F919000605CCF /* SideMenuInteractor.swift in Sources */ = {isa = PBXBuildFile; fileRef = 40516C581F0F919000605CCF /* SideMenuInteractor.swift */; };
		40516C7C1F0F919000605CCF /* SideMenuInteractorProtocols.swift in Sources */ = {isa = PBXBuildFile; fileRef = 40516C591F0F919000605CCF /* SideMenuInteractorProtocols.swift */; };
		40516C7E1F0F919000605CCF /* SideMenuPresenter.swift in Sources */ = {isa = PBXBuildFile; fileRef = 40516C5C1F0F919000605CCF /* SideMenuPresenter.swift */; };
		40516C7F1F0F919000605CCF /* SideMenuRouter.swift in Sources */ = {isa = PBXBuildFile; fileRef = 40516C5E1F0F919000605CCF /* SideMenuRouter.swift */; };
		40516C801F0F919000605CCF /* SideMenuRouterInterface.swift in Sources */ = {isa = PBXBuildFile; fileRef = 40516C5F1F0F919000605CCF /* SideMenuRouterInterface.swift */; };
		40516C821F0F919000605CCF /* SideMenuModuleStack.swift in Sources */ = {isa = PBXBuildFile; fileRef = 40516C611F0F919000605CCF /* SideMenuModuleStack.swift */; };
		40516C831F0F919000605CCF /* SideMenu.storyboard in Resources */ = {isa = PBXBuildFile; fileRef = 40516C631F0F919000605CCF /* SideMenu.storyboard */; };
		40516C841F0F919000605CCF /* SideMenuViewController.swift in Sources */ = {isa = PBXBuildFile; fileRef = 40516C641F0F919000605CCF /* SideMenuViewController.swift */; };
		40516C851F0F919000605CCF /* SideMenuViewProtocols.swift in Sources */ = {isa = PBXBuildFile; fileRef = 40516C651F0F919000605CCF /* SideMenuViewProtocols.swift */; };
		40516C861F0F919000605CCF /* MainContainerDataManager.swift in Sources */ = {isa = PBXBuildFile; fileRef = 40516C681F0F919000605CCF /* MainContainerDataManager.swift */; };
		40516C871F0F919000605CCF /* MainContainerDataManagerProtocols.swift in Sources */ = {isa = PBXBuildFile; fileRef = 40516C691F0F919000605CCF /* MainContainerDataManagerProtocols.swift */; };
		40516C881F0F919000605CCF /* MainContainerInteractor.swift in Sources */ = {isa = PBXBuildFile; fileRef = 40516C6B1F0F919000605CCF /* MainContainerInteractor.swift */; };
		40516C891F0F919000605CCF /* MainContainerInteractorProtocols.swift in Sources */ = {isa = PBXBuildFile; fileRef = 40516C6C1F0F919000605CCF /* MainContainerInteractorProtocols.swift */; };
		40516C8A1F0F919000605CCF /* MainContainerModuleStack.swift in Sources */ = {isa = PBXBuildFile; fileRef = 40516C6D1F0F919000605CCF /* MainContainerModuleStack.swift */; };
		40516C8B1F0F919000605CCF /* MainContainerModuleDelegate.swift in Sources */ = {isa = PBXBuildFile; fileRef = 40516C6F1F0F919000605CCF /* MainContainerModuleDelegate.swift */; };
		40516C8C1F0F919000605CCF /* MainContainerPresenter.swift in Sources */ = {isa = PBXBuildFile; fileRef = 40516C701F0F919000605CCF /* MainContainerPresenter.swift */; };
		40516C8D1F0F919000605CCF /* MainContainerRouter.swift in Sources */ = {isa = PBXBuildFile; fileRef = 40516C721F0F919000605CCF /* MainContainerRouter.swift */; };
		40516C8E1F0F919000605CCF /* MainContainerRouterInterface.swift in Sources */ = {isa = PBXBuildFile; fileRef = 40516C731F0F919000605CCF /* MainContainerRouterInterface.swift */; };
		40516C901F0F919000605CCF /* MainContainer.storyboard in Resources */ = {isa = PBXBuildFile; fileRef = 40516C761F0F919000605CCF /* MainContainer.storyboard */; };
		40516C911F0F919000605CCF /* MainContainerViewController.swift in Sources */ = {isa = PBXBuildFile; fileRef = 40516C771F0F919000605CCF /* MainContainerViewController.swift */; };
		40516C921F0F919000605CCF /* MainContainerViewProtocols.swift in Sources */ = {isa = PBXBuildFile; fileRef = 40516C781F0F919000605CCF /* MainContainerViewProtocols.swift */; };
		40516C931F0F925B00605CCF /* SideMenuRouterTests.swift in Sources */ = {isa = PBXBuildFile; fileRef = 40516C601F0F919000605CCF /* SideMenuRouterTests.swift */; };
		40516C941F0F926400605CCF /* MainContainerRouterTests.swift in Sources */ = {isa = PBXBuildFile; fileRef = 40516C741F0F919000605CCF /* MainContainerRouterTests.swift */; };
		40516CA91F0F9CCF00605CCF /* MainOption1DataManager.swift in Sources */ = {isa = PBXBuildFile; fileRef = 40516C991F0F9CCF00605CCF /* MainOption1DataManager.swift */; };
		40516CAA1F0F9CCF00605CCF /* MainOption1DataManagerProtocols.swift in Sources */ = {isa = PBXBuildFile; fileRef = 40516C9A1F0F9CCF00605CCF /* MainOption1DataManagerProtocols.swift */; };
		40516CAB1F0F9CCF00605CCF /* MainOption1Interactor.swift in Sources */ = {isa = PBXBuildFile; fileRef = 40516C9C1F0F9CCF00605CCF /* MainOption1Interactor.swift */; };
		40516CAC1F0F9CCF00605CCF /* MainOption1InteractorProtocols.swift in Sources */ = {isa = PBXBuildFile; fileRef = 40516C9D1F0F9CCF00605CCF /* MainOption1InteractorProtocols.swift */; };
		40516CAD1F0F9CCF00605CCF /* MainOption1ModuleStack.swift in Sources */ = {isa = PBXBuildFile; fileRef = 40516C9E1F0F9CCF00605CCF /* MainOption1ModuleStack.swift */; };
		40516CAE1F0F9CCF00605CCF /* MainOption1ModuleDelegate.swift in Sources */ = {isa = PBXBuildFile; fileRef = 40516CA01F0F9CCF00605CCF /* MainOption1ModuleDelegate.swift */; };
		40516CAF1F0F9CCF00605CCF /* MainOption1Presenter.swift in Sources */ = {isa = PBXBuildFile; fileRef = 40516CA11F0F9CCF00605CCF /* MainOption1Presenter.swift */; };
		40516CB01F0F9CCF00605CCF /* MainOption1Router.swift in Sources */ = {isa = PBXBuildFile; fileRef = 40516CA31F0F9CCF00605CCF /* MainOption1Router.swift */; };
		40516CB11F0F9CCF00605CCF /* MainOption1RouterInterface.swift in Sources */ = {isa = PBXBuildFile; fileRef = 40516CA41F0F9CCF00605CCF /* MainOption1RouterInterface.swift */; };
		40516CB31F0F9CCF00605CCF /* MainOption1ViewController.swift in Sources */ = {isa = PBXBuildFile; fileRef = 40516CA71F0F9CCF00605CCF /* MainOption1ViewController.swift */; };
		40516CB41F0F9CCF00605CCF /* MainOption1ViewProtocols.swift in Sources */ = {isa = PBXBuildFile; fileRef = 40516CA81F0F9CCF00605CCF /* MainOption1ViewProtocols.swift */; };
		40516CCB1F0F9D3400605CCF /* MainOption2DataManager.swift in Sources */ = {isa = PBXBuildFile; fileRef = 40516CBB1F0F9D3400605CCF /* MainOption2DataManager.swift */; };
		40516CCC1F0F9D3400605CCF /* MainOption2DataManagerProtocols.swift in Sources */ = {isa = PBXBuildFile; fileRef = 40516CBC1F0F9D3400605CCF /* MainOption2DataManagerProtocols.swift */; };
		40516CCD1F0F9D3400605CCF /* MainOption2Interactor.swift in Sources */ = {isa = PBXBuildFile; fileRef = 40516CBE1F0F9D3400605CCF /* MainOption2Interactor.swift */; };
		40516CCE1F0F9D3400605CCF /* MainOption2InteractorProtocols.swift in Sources */ = {isa = PBXBuildFile; fileRef = 40516CBF1F0F9D3400605CCF /* MainOption2InteractorProtocols.swift */; };
		40516CCF1F0F9D3400605CCF /* MainOption2ModuleStack.swift in Sources */ = {isa = PBXBuildFile; fileRef = 40516CC01F0F9D3400605CCF /* MainOption2ModuleStack.swift */; };
		40516CD01F0F9D3400605CCF /* MainOption2ModuleDelegate.swift in Sources */ = {isa = PBXBuildFile; fileRef = 40516CC21F0F9D3400605CCF /* MainOption2ModuleDelegate.swift */; };
		40516CD11F0F9D3400605CCF /* MainOption2Presenter.swift in Sources */ = {isa = PBXBuildFile; fileRef = 40516CC31F0F9D3400605CCF /* MainOption2Presenter.swift */; };
		40516CD21F0F9D3400605CCF /* MainOption2Router.swift in Sources */ = {isa = PBXBuildFile; fileRef = 40516CC51F0F9D3400605CCF /* MainOption2Router.swift */; };
		40516CD31F0F9D3400605CCF /* MainOption2RouterInterface.swift in Sources */ = {isa = PBXBuildFile; fileRef = 40516CC61F0F9D3400605CCF /* MainOption2RouterInterface.swift */; };
		40516CD51F0F9D3400605CCF /* MainOption2ViewController.swift in Sources */ = {isa = PBXBuildFile; fileRef = 40516CC91F0F9D3400605CCF /* MainOption2ViewController.swift */; };
		40516CD61F0F9D3400605CCF /* MainOption2ViewProtocols.swift in Sources */ = {isa = PBXBuildFile; fileRef = 40516CCA1F0F9D3400605CCF /* MainOption2ViewProtocols.swift */; };
		40516CD81F0F9D6800605CCF /* MainOption1.storyboard in Resources */ = {isa = PBXBuildFile; fileRef = 40516CD71F0F9D6800605CCF /* MainOption1.storyboard */; };
		40516CDA1F0F9E0A00605CCF /* MainOption2.storyboard in Resources */ = {isa = PBXBuildFile; fileRef = 40516CD91F0F9E0A00605CCF /* MainOption2.storyboard */; };
		40516CDB1F0F9E4C00605CCF /* MainOption2RouterTests.swift in Sources */ = {isa = PBXBuildFile; fileRef = 40516CC71F0F9D3400605CCF /* MainOption2RouterTests.swift */; };
		40516CDC1F0F9E7B00605CCF /* MainOption1RouterTests.swift in Sources */ = {isa = PBXBuildFile; fileRef = 40516CA51F0F9CCF00605CCF /* MainOption1RouterTests.swift */; };
		40516CDF1F0FA39C00605CCF /* SideMenuModuleDelegate.swift in Sources */ = {isa = PBXBuildFile; fileRef = 40516CDE1F0FA39C00605CCF /* SideMenuModuleDelegate.swift */; };
		405260151F0E5B370053F5D9 /* ViperSideDrawer.framework in Frameworks */ = {isa = PBXBuildFile; fileRef = 4052600B1F0E5B370053F5D9 /* ViperSideDrawer.framework */; };
		4052601A1F0E5B370053F5D9 /* ViperSideDrawerTests.m in Sources */ = {isa = PBXBuildFile; fileRef = 405260191F0E5B370053F5D9 /* ViperSideDrawerTests.m */; };
		4052601C1F0E5B370053F5D9 /* ViperSideDrawer.h in Headers */ = {isa = PBXBuildFile; fileRef = 4052600E1F0E5B370053F5D9 /* ViperSideDrawer.h */; settings = {ATTRIBUTES = (Public, ); }; };
		40940C8F1F166371007AE34F /* UIViewController+Container.swift in Sources */ = {isa = PBXBuildFile; fileRef = 40940C8E1F166371007AE34F /* UIViewController+Container.swift */; };
		40E730881F0E5CF5007F9786 /* SlideInPresentationManager.swift in Sources */ = {isa = PBXBuildFile; fileRef = 40E730831F0E5CF5007F9786 /* SlideInPresentationManager.swift */; };
		40E730891F0E5CF5007F9786 /* SlideInPresentationController.swift in Sources */ = {isa = PBXBuildFile; fileRef = 40E730841F0E5CF5007F9786 /* SlideInPresentationController.swift */; };
		40E7308A1F0E5CF5007F9786 /* SlideInPresentationAnimator.swift in Sources */ = {isa = PBXBuildFile; fileRef = 40E730851F0E5CF5007F9786 /* SlideInPresentationAnimator.swift */; };
		40E7308B1F0E5CF5007F9786 /* RevealPresentationAnimator.swift in Sources */ = {isa = PBXBuildFile; fileRef = 40E730861F0E5CF5007F9786 /* RevealPresentationAnimator.swift */; };
		40E7308C1F0E5CF5007F9786 /* RevealPresentationController.swift in Sources */ = {isa = PBXBuildFile; fileRef = 40E730871F0E5CF5007F9786 /* RevealPresentationController.swift */; };
		40E731691F0E8383007F9786 /* AppDelegate.swift in Sources */ = {isa = PBXBuildFile; fileRef = 40E731681F0E8383007F9786 /* AppDelegate.swift */; };
		40E7316B1F0E8383007F9786 /* ViewController.swift in Sources */ = {isa = PBXBuildFile; fileRef = 40E7316A1F0E8383007F9786 /* ViewController.swift */; };
		40E7316E1F0E8383007F9786 /* Main.storyboard in Resources */ = {isa = PBXBuildFile; fileRef = 40E7316C1F0E8383007F9786 /* Main.storyboard */; };
		40E731701F0E8383007F9786 /* Assets.xcassets in Resources */ = {isa = PBXBuildFile; fileRef = 40E7316F1F0E8383007F9786 /* Assets.xcassets */; };
		40E731731F0E8383007F9786 /* LaunchScreen.storyboard in Resources */ = {isa = PBXBuildFile; fileRef = 40E731711F0E8383007F9786 /* LaunchScreen.storyboard */; };
		40E7317E1F0E8384007F9786 /* SideMenuSampleTests.swift in Sources */ = {isa = PBXBuildFile; fileRef = 40E7317D1F0E8384007F9786 /* SideMenuSampleTests.swift */; };
		40F54CC51F1BAD1200E52F15 /* MenuOptionDelegate.swift in Sources */ = {isa = PBXBuildFile; fileRef = 40F54CC41F1BAD1200E52F15 /* MenuOptionDelegate.swift */; };
		A5F01D138F4276FFDDB4EB07 /* libPods-ViperSideDrawer.a in Frameworks */ = {isa = PBXBuildFile; fileRef = 74DA9BF599CBB76E7EFB3598 /* libPods-ViperSideDrawer.a */; };
		B90DBCC31FA0A1B300D96ADF /* SwipeInteractionController.swift in Sources */ = {isa = PBXBuildFile; fileRef = B90DBCC21FA0A1B300D96ADF /* SwipeInteractionController.swift */; };
		B955F7162089E97F0090314E /* MenuOptionDelegate.swift in Sources */ = {isa = PBXBuildFile; fileRef = 40F54CC41F1BAD1200E52F15 /* MenuOptionDelegate.swift */; };
		B9E162BF1F98D20C0032A54C /* TransitionHelper.swift in Sources */ = {isa = PBXBuildFile; fileRef = B9E162BE1F98D20C0032A54C /* TransitionHelper.swift */; };
		B9F479821F9753A800047A01 /* PercentInteractiveTransition.swift in Sources */ = {isa = PBXBuildFile; fileRef = B9F479811F9753A800047A01 /* PercentInteractiveTransition.swift */; };
		E7BB36EEB029492EBE7A6061 /* libPods-ViperSideDrawerTests.a in Frameworks */ = {isa = PBXBuildFile; fileRef = 8138D58137638932C9E0D627 /* libPods-ViperSideDrawerTests.a */; };
/* End PBXBuildFile section */

/* Begin PBXContainerItemProxy section */
		40516C511F0F912B00605CCF /* PBXContainerItemProxy */ = {
			isa = PBXContainerItemProxy;
			containerPortal = 405260021F0E5B370053F5D9 /* Project object */;
			proxyType = 1;
			remoteGlobalIDString = 4052600A1F0E5B370053F5D9;
			remoteInfo = ViperSideDrawer;
		};
		405260161F0E5B370053F5D9 /* PBXContainerItemProxy */ = {
			isa = PBXContainerItemProxy;
			containerPortal = 405260021F0E5B370053F5D9 /* Project object */;
			proxyType = 1;
			remoteGlobalIDString = 4052600A1F0E5B370053F5D9;
			remoteInfo = ViperSideDrawer;
		};
		40E7317A1F0E8384007F9786 /* PBXContainerItemProxy */ = {
			isa = PBXContainerItemProxy;
			containerPortal = 405260021F0E5B370053F5D9 /* Project object */;
			proxyType = 1;
			remoteGlobalIDString = 40E731651F0E8383007F9786;
			remoteInfo = SideMenuSample;
		};
/* End PBXContainerItemProxy section */

/* Begin PBXFileReference section */
		006134971FC1E6C4AA49CABA /* Pods-ViperSideDrawer.debug.xcconfig */ = {isa = PBXFileReference; includeInIndex = 1; lastKnownFileType = text.xcconfig; name = "Pods-ViperSideDrawer.debug.xcconfig"; path = "Pods/Target Support Files/Pods-ViperSideDrawer/Pods-ViperSideDrawer.debug.xcconfig"; sourceTree = "<group>"; };
		266C45196870EEB38766BB15 /* Pods_SideMenuSample.framework */ = {isa = PBXFileReference; explicitFileType = wrapper.framework; includeInIndex = 0; path = Pods_SideMenuSample.framework; sourceTree = BUILT_PRODUCTS_DIR; };
		381E8D27C0717F205515CD1A /* Pods-ViperSideDrawerTests.debug.xcconfig */ = {isa = PBXFileReference; includeInIndex = 1; lastKnownFileType = text.xcconfig; name = "Pods-ViperSideDrawerTests.debug.xcconfig"; path = "Pods/Target Support Files/Pods-ViperSideDrawerTests/Pods-ViperSideDrawerTests.debug.xcconfig"; sourceTree = "<group>"; };
		40516C551F0F919000605CCF /* SideMenuDataManager.swift */ = {isa = PBXFileReference; fileEncoding = 4; lastKnownFileType = sourcecode.swift; path = SideMenuDataManager.swift; sourceTree = "<group>"; };
		40516C561F0F919000605CCF /* SideMenuDataManagerProtocols.swift */ = {isa = PBXFileReference; fileEncoding = 4; lastKnownFileType = sourcecode.swift; path = SideMenuDataManagerProtocols.swift; sourceTree = "<group>"; };
		40516C581F0F919000605CCF /* SideMenuInteractor.swift */ = {isa = PBXFileReference; fileEncoding = 4; lastKnownFileType = sourcecode.swift; path = SideMenuInteractor.swift; sourceTree = "<group>"; };
		40516C591F0F919000605CCF /* SideMenuInteractorProtocols.swift */ = {isa = PBXFileReference; fileEncoding = 4; lastKnownFileType = sourcecode.swift; path = SideMenuInteractorProtocols.swift; sourceTree = "<group>"; };
		40516C5C1F0F919000605CCF /* SideMenuPresenter.swift */ = {isa = PBXFileReference; fileEncoding = 4; lastKnownFileType = sourcecode.swift; path = SideMenuPresenter.swift; sourceTree = "<group>"; };
		40516C5E1F0F919000605CCF /* SideMenuRouter.swift */ = {isa = PBXFileReference; fileEncoding = 4; lastKnownFileType = sourcecode.swift; path = SideMenuRouter.swift; sourceTree = "<group>"; };
		40516C5F1F0F919000605CCF /* SideMenuRouterInterface.swift */ = {isa = PBXFileReference; fileEncoding = 4; lastKnownFileType = sourcecode.swift; path = SideMenuRouterInterface.swift; sourceTree = "<group>"; };
		40516C601F0F919000605CCF /* SideMenuRouterTests.swift */ = {isa = PBXFileReference; fileEncoding = 4; lastKnownFileType = sourcecode.swift; path = SideMenuRouterTests.swift; sourceTree = "<group>"; };
		40516C611F0F919000605CCF /* SideMenuModuleStack.swift */ = {isa = PBXFileReference; fileEncoding = 4; lastKnownFileType = sourcecode.swift; path = SideMenuModuleStack.swift; sourceTree = "<group>"; };
		40516C631F0F919000605CCF /* SideMenu.storyboard */ = {isa = PBXFileReference; fileEncoding = 4; lastKnownFileType = file.storyboard; path = SideMenu.storyboard; sourceTree = "<group>"; };
		40516C641F0F919000605CCF /* SideMenuViewController.swift */ = {isa = PBXFileReference; fileEncoding = 4; lastKnownFileType = sourcecode.swift; path = SideMenuViewController.swift; sourceTree = "<group>"; };
		40516C651F0F919000605CCF /* SideMenuViewProtocols.swift */ = {isa = PBXFileReference; fileEncoding = 4; lastKnownFileType = sourcecode.swift; path = SideMenuViewProtocols.swift; sourceTree = "<group>"; };
		40516C681F0F919000605CCF /* MainContainerDataManager.swift */ = {isa = PBXFileReference; fileEncoding = 4; lastKnownFileType = sourcecode.swift; path = MainContainerDataManager.swift; sourceTree = "<group>"; };
		40516C691F0F919000605CCF /* MainContainerDataManagerProtocols.swift */ = {isa = PBXFileReference; fileEncoding = 4; lastKnownFileType = sourcecode.swift; path = MainContainerDataManagerProtocols.swift; sourceTree = "<group>"; };
		40516C6B1F0F919000605CCF /* MainContainerInteractor.swift */ = {isa = PBXFileReference; fileEncoding = 4; lastKnownFileType = sourcecode.swift; path = MainContainerInteractor.swift; sourceTree = "<group>"; };
		40516C6C1F0F919000605CCF /* MainContainerInteractorProtocols.swift */ = {isa = PBXFileReference; fileEncoding = 4; lastKnownFileType = sourcecode.swift; path = MainContainerInteractorProtocols.swift; sourceTree = "<group>"; };
		40516C6D1F0F919000605CCF /* MainContainerModuleStack.swift */ = {isa = PBXFileReference; fileEncoding = 4; lastKnownFileType = sourcecode.swift; path = MainContainerModuleStack.swift; sourceTree = "<group>"; };
		40516C6F1F0F919000605CCF /* MainContainerModuleDelegate.swift */ = {isa = PBXFileReference; fileEncoding = 4; lastKnownFileType = sourcecode.swift; path = MainContainerModuleDelegate.swift; sourceTree = "<group>"; };
		40516C701F0F919000605CCF /* MainContainerPresenter.swift */ = {isa = PBXFileReference; fileEncoding = 4; lastKnownFileType = sourcecode.swift; path = MainContainerPresenter.swift; sourceTree = "<group>"; };
		40516C721F0F919000605CCF /* MainContainerRouter.swift */ = {isa = PBXFileReference; fileEncoding = 4; lastKnownFileType = sourcecode.swift; path = MainContainerRouter.swift; sourceTree = "<group>"; };
		40516C731F0F919000605CCF /* MainContainerRouterInterface.swift */ = {isa = PBXFileReference; fileEncoding = 4; lastKnownFileType = sourcecode.swift; path = MainContainerRouterInterface.swift; sourceTree = "<group>"; };
		40516C741F0F919000605CCF /* MainContainerRouterTests.swift */ = {isa = PBXFileReference; fileEncoding = 4; lastKnownFileType = sourcecode.swift; path = MainContainerRouterTests.swift; sourceTree = "<group>"; };
		40516C761F0F919000605CCF /* MainContainer.storyboard */ = {isa = PBXFileReference; fileEncoding = 4; lastKnownFileType = file.storyboard; path = MainContainer.storyboard; sourceTree = "<group>"; };
		40516C771F0F919000605CCF /* MainContainerViewController.swift */ = {isa = PBXFileReference; fileEncoding = 4; lastKnownFileType = sourcecode.swift; path = MainContainerViewController.swift; sourceTree = "<group>"; };
		40516C781F0F919000605CCF /* MainContainerViewProtocols.swift */ = {isa = PBXFileReference; fileEncoding = 4; lastKnownFileType = sourcecode.swift; path = MainContainerViewProtocols.swift; sourceTree = "<group>"; };
		40516C991F0F9CCF00605CCF /* MainOption1DataManager.swift */ = {isa = PBXFileReference; fileEncoding = 4; lastKnownFileType = sourcecode.swift; path = MainOption1DataManager.swift; sourceTree = "<group>"; };
		40516C9A1F0F9CCF00605CCF /* MainOption1DataManagerProtocols.swift */ = {isa = PBXFileReference; fileEncoding = 4; lastKnownFileType = sourcecode.swift; path = MainOption1DataManagerProtocols.swift; sourceTree = "<group>"; };
		40516C9C1F0F9CCF00605CCF /* MainOption1Interactor.swift */ = {isa = PBXFileReference; fileEncoding = 4; lastKnownFileType = sourcecode.swift; path = MainOption1Interactor.swift; sourceTree = "<group>"; };
		40516C9D1F0F9CCF00605CCF /* MainOption1InteractorProtocols.swift */ = {isa = PBXFileReference; fileEncoding = 4; lastKnownFileType = sourcecode.swift; path = MainOption1InteractorProtocols.swift; sourceTree = "<group>"; };
		40516C9E1F0F9CCF00605CCF /* MainOption1ModuleStack.swift */ = {isa = PBXFileReference; fileEncoding = 4; lastKnownFileType = sourcecode.swift; path = MainOption1ModuleStack.swift; sourceTree = "<group>"; };
		40516CA01F0F9CCF00605CCF /* MainOption1ModuleDelegate.swift */ = {isa = PBXFileReference; fileEncoding = 4; lastKnownFileType = sourcecode.swift; path = MainOption1ModuleDelegate.swift; sourceTree = "<group>"; };
		40516CA11F0F9CCF00605CCF /* MainOption1Presenter.swift */ = {isa = PBXFileReference; fileEncoding = 4; lastKnownFileType = sourcecode.swift; path = MainOption1Presenter.swift; sourceTree = "<group>"; };
		40516CA31F0F9CCF00605CCF /* MainOption1Router.swift */ = {isa = PBXFileReference; fileEncoding = 4; lastKnownFileType = sourcecode.swift; path = MainOption1Router.swift; sourceTree = "<group>"; };
		40516CA41F0F9CCF00605CCF /* MainOption1RouterInterface.swift */ = {isa = PBXFileReference; fileEncoding = 4; lastKnownFileType = sourcecode.swift; path = MainOption1RouterInterface.swift; sourceTree = "<group>"; };
		40516CA51F0F9CCF00605CCF /* MainOption1RouterTests.swift */ = {isa = PBXFileReference; fileEncoding = 4; lastKnownFileType = sourcecode.swift; path = MainOption1RouterTests.swift; sourceTree = "<group>"; };
		40516CA71F0F9CCF00605CCF /* MainOption1ViewController.swift */ = {isa = PBXFileReference; fileEncoding = 4; lastKnownFileType = sourcecode.swift; path = MainOption1ViewController.swift; sourceTree = "<group>"; };
		40516CA81F0F9CCF00605CCF /* MainOption1ViewProtocols.swift */ = {isa = PBXFileReference; fileEncoding = 4; lastKnownFileType = sourcecode.swift; path = MainOption1ViewProtocols.swift; sourceTree = "<group>"; };
		40516CBB1F0F9D3400605CCF /* MainOption2DataManager.swift */ = {isa = PBXFileReference; fileEncoding = 4; lastKnownFileType = sourcecode.swift; path = MainOption2DataManager.swift; sourceTree = "<group>"; };
		40516CBC1F0F9D3400605CCF /* MainOption2DataManagerProtocols.swift */ = {isa = PBXFileReference; fileEncoding = 4; lastKnownFileType = sourcecode.swift; path = MainOption2DataManagerProtocols.swift; sourceTree = "<group>"; };
		40516CBE1F0F9D3400605CCF /* MainOption2Interactor.swift */ = {isa = PBXFileReference; fileEncoding = 4; lastKnownFileType = sourcecode.swift; path = MainOption2Interactor.swift; sourceTree = "<group>"; };
		40516CBF1F0F9D3400605CCF /* MainOption2InteractorProtocols.swift */ = {isa = PBXFileReference; fileEncoding = 4; lastKnownFileType = sourcecode.swift; path = MainOption2InteractorProtocols.swift; sourceTree = "<group>"; };
		40516CC01F0F9D3400605CCF /* MainOption2ModuleStack.swift */ = {isa = PBXFileReference; fileEncoding = 4; lastKnownFileType = sourcecode.swift; path = MainOption2ModuleStack.swift; sourceTree = "<group>"; };
		40516CC21F0F9D3400605CCF /* MainOption2ModuleDelegate.swift */ = {isa = PBXFileReference; fileEncoding = 4; lastKnownFileType = sourcecode.swift; path = MainOption2ModuleDelegate.swift; sourceTree = "<group>"; };
		40516CC31F0F9D3400605CCF /* MainOption2Presenter.swift */ = {isa = PBXFileReference; fileEncoding = 4; lastKnownFileType = sourcecode.swift; path = MainOption2Presenter.swift; sourceTree = "<group>"; };
		40516CC51F0F9D3400605CCF /* MainOption2Router.swift */ = {isa = PBXFileReference; fileEncoding = 4; lastKnownFileType = sourcecode.swift; path = MainOption2Router.swift; sourceTree = "<group>"; };
		40516CC61F0F9D3400605CCF /* MainOption2RouterInterface.swift */ = {isa = PBXFileReference; fileEncoding = 4; lastKnownFileType = sourcecode.swift; path = MainOption2RouterInterface.swift; sourceTree = "<group>"; };
		40516CC71F0F9D3400605CCF /* MainOption2RouterTests.swift */ = {isa = PBXFileReference; fileEncoding = 4; lastKnownFileType = sourcecode.swift; path = MainOption2RouterTests.swift; sourceTree = "<group>"; };
		40516CC91F0F9D3400605CCF /* MainOption2ViewController.swift */ = {isa = PBXFileReference; fileEncoding = 4; lastKnownFileType = sourcecode.swift; path = MainOption2ViewController.swift; sourceTree = "<group>"; };
		40516CCA1F0F9D3400605CCF /* MainOption2ViewProtocols.swift */ = {isa = PBXFileReference; fileEncoding = 4; lastKnownFileType = sourcecode.swift; path = MainOption2ViewProtocols.swift; sourceTree = "<group>"; };
		40516CD71F0F9D6800605CCF /* MainOption1.storyboard */ = {isa = PBXFileReference; fileEncoding = 4; lastKnownFileType = file.storyboard; path = MainOption1.storyboard; sourceTree = "<group>"; };
		40516CD91F0F9E0A00605CCF /* MainOption2.storyboard */ = {isa = PBXFileReference; fileEncoding = 4; lastKnownFileType = file.storyboard; path = MainOption2.storyboard; sourceTree = "<group>"; };
		40516CDE1F0FA39C00605CCF /* SideMenuModuleDelegate.swift */ = {isa = PBXFileReference; fileEncoding = 4; lastKnownFileType = sourcecode.swift; path = SideMenuModuleDelegate.swift; sourceTree = "<group>"; };
		4052600B1F0E5B370053F5D9 /* ViperSideDrawer.framework */ = {isa = PBXFileReference; explicitFileType = wrapper.framework; includeInIndex = 0; path = ViperSideDrawer.framework; sourceTree = BUILT_PRODUCTS_DIR; };
		4052600E1F0E5B370053F5D9 /* ViperSideDrawer.h */ = {isa = PBXFileReference; lastKnownFileType = sourcecode.c.h; path = ViperSideDrawer.h; sourceTree = "<group>"; };
		4052600F1F0E5B370053F5D9 /* Info.plist */ = {isa = PBXFileReference; lastKnownFileType = text.plist.xml; path = Info.plist; sourceTree = "<group>"; };
		405260141F0E5B370053F5D9 /* ViperSideDrawerTests.xctest */ = {isa = PBXFileReference; explicitFileType = wrapper.cfbundle; includeInIndex = 0; path = ViperSideDrawerTests.xctest; sourceTree = BUILT_PRODUCTS_DIR; };
		405260191F0E5B370053F5D9 /* ViperSideDrawerTests.m */ = {isa = PBXFileReference; lastKnownFileType = sourcecode.c.objc; path = ViperSideDrawerTests.m; sourceTree = "<group>"; };
		4052601B1F0E5B370053F5D9 /* Info.plist */ = {isa = PBXFileReference; lastKnownFileType = text.plist.xml; path = Info.plist; sourceTree = "<group>"; };
		40940C8E1F166371007AE34F /* UIViewController+Container.swift */ = {isa = PBXFileReference; fileEncoding = 4; lastKnownFileType = sourcecode.swift; path = "UIViewController+Container.swift"; sourceTree = "<group>"; };
		40E730831F0E5CF5007F9786 /* SlideInPresentationManager.swift */ = {isa = PBXFileReference; fileEncoding = 4; lastKnownFileType = sourcecode.swift; path = SlideInPresentationManager.swift; sourceTree = "<group>"; };
		40E730841F0E5CF5007F9786 /* SlideInPresentationController.swift */ = {isa = PBXFileReference; fileEncoding = 4; lastKnownFileType = sourcecode.swift; path = SlideInPresentationController.swift; sourceTree = "<group>"; };
		40E730851F0E5CF5007F9786 /* SlideInPresentationAnimator.swift */ = {isa = PBXFileReference; fileEncoding = 4; lastKnownFileType = sourcecode.swift; path = SlideInPresentationAnimator.swift; sourceTree = "<group>"; };
		40E730861F0E5CF5007F9786 /* RevealPresentationAnimator.swift */ = {isa = PBXFileReference; fileEncoding = 4; lastKnownFileType = sourcecode.swift; path = RevealPresentationAnimator.swift; sourceTree = "<group>"; };
		40E730871F0E5CF5007F9786 /* RevealPresentationController.swift */ = {isa = PBXFileReference; fileEncoding = 4; lastKnownFileType = sourcecode.swift; path = RevealPresentationController.swift; sourceTree = "<group>"; };
		40E731661F0E8383007F9786 /* SideMenuSample.app */ = {isa = PBXFileReference; explicitFileType = wrapper.application; includeInIndex = 0; path = SideMenuSample.app; sourceTree = BUILT_PRODUCTS_DIR; };
		40E731681F0E8383007F9786 /* AppDelegate.swift */ = {isa = PBXFileReference; lastKnownFileType = sourcecode.swift; path = AppDelegate.swift; sourceTree = "<group>"; };
		40E7316A1F0E8383007F9786 /* ViewController.swift */ = {isa = PBXFileReference; lastKnownFileType = sourcecode.swift; path = ViewController.swift; sourceTree = "<group>"; };
		40E7316D1F0E8383007F9786 /* Base */ = {isa = PBXFileReference; lastKnownFileType = file.storyboard; name = Base; path = Base.lproj/Main.storyboard; sourceTree = "<group>"; };
		40E7316F1F0E8383007F9786 /* Assets.xcassets */ = {isa = PBXFileReference; lastKnownFileType = folder.assetcatalog; path = Assets.xcassets; sourceTree = "<group>"; };
		40E731721F0E8383007F9786 /* Base */ = {isa = PBXFileReference; lastKnownFileType = file.storyboard; name = Base; path = Base.lproj/LaunchScreen.storyboard; sourceTree = "<group>"; };
		40E731741F0E8383007F9786 /* Info.plist */ = {isa = PBXFileReference; lastKnownFileType = text.plist.xml; path = Info.plist; sourceTree = "<group>"; };
		40E731791F0E8384007F9786 /* SideMenuSampleTests.xctest */ = {isa = PBXFileReference; explicitFileType = wrapper.cfbundle; includeInIndex = 0; path = SideMenuSampleTests.xctest; sourceTree = BUILT_PRODUCTS_DIR; };
		40E7317D1F0E8384007F9786 /* SideMenuSampleTests.swift */ = {isa = PBXFileReference; lastKnownFileType = sourcecode.swift; path = SideMenuSampleTests.swift; sourceTree = "<group>"; };
		40E7317F1F0E8384007F9786 /* Info.plist */ = {isa = PBXFileReference; lastKnownFileType = text.plist.xml; path = Info.plist; sourceTree = "<group>"; };
		40F54CC41F1BAD1200E52F15 /* MenuOptionDelegate.swift */ = {isa = PBXFileReference; fileEncoding = 4; lastKnownFileType = sourcecode.swift; path = MenuOptionDelegate.swift; sourceTree = "<group>"; };
		74DA9BF599CBB76E7EFB3598 /* libPods-ViperSideDrawer.a */ = {isa = PBXFileReference; explicitFileType = archive.ar; includeInIndex = 0; path = "libPods-ViperSideDrawer.a"; sourceTree = BUILT_PRODUCTS_DIR; };
		8138D58137638932C9E0D627 /* libPods-ViperSideDrawerTests.a */ = {isa = PBXFileReference; explicitFileType = archive.ar; includeInIndex = 0; path = "libPods-ViperSideDrawerTests.a"; sourceTree = BUILT_PRODUCTS_DIR; };
		9DD911DD0F81DE0F4527B210 /* Pods-ViperSideDrawerTests.release.xcconfig */ = {isa = PBXFileReference; includeInIndex = 1; lastKnownFileType = text.xcconfig; name = "Pods-ViperSideDrawerTests.release.xcconfig"; path = "Pods/Target Support Files/Pods-ViperSideDrawerTests/Pods-ViperSideDrawerTests.release.xcconfig"; sourceTree = "<group>"; };
		B90DBCC21FA0A1B300D96ADF /* SwipeInteractionController.swift */ = {isa = PBXFileReference; lastKnownFileType = sourcecode.swift; path = SwipeInteractionController.swift; sourceTree = "<group>"; };
		B9E162BE1F98D20C0032A54C /* TransitionHelper.swift */ = {isa = PBXFileReference; lastKnownFileType = sourcecode.swift; path = TransitionHelper.swift; sourceTree = "<group>"; };
		B9F479811F9753A800047A01 /* PercentInteractiveTransition.swift */ = {isa = PBXFileReference; lastKnownFileType = sourcecode.swift; path = PercentInteractiveTransition.swift; sourceTree = "<group>"; };
		D0393DE7827F69A0484242A8 /* Pods-ViperSideDrawer.release.xcconfig */ = {isa = PBXFileReference; includeInIndex = 1; lastKnownFileType = text.xcconfig; name = "Pods-ViperSideDrawer.release.xcconfig"; path = "Pods/Target Support Files/Pods-ViperSideDrawer/Pods-ViperSideDrawer.release.xcconfig"; sourceTree = "<group>"; };
/* End PBXFileReference section */

/* Begin PBXFrameworksBuildPhase section */
		405260071F0E5B370053F5D9 /* Frameworks */ = {
			isa = PBXFrameworksBuildPhase;
			buildActionMask = 2147483647;
			files = (
				A5F01D138F4276FFDDB4EB07 /* libPods-ViperSideDrawer.a in Frameworks */,
			);
			runOnlyForDeploymentPostprocessing = 0;
		};
		405260111F0E5B370053F5D9 /* Frameworks */ = {
			isa = PBXFrameworksBuildPhase;
			buildActionMask = 2147483647;
			files = (
				405260151F0E5B370053F5D9 /* ViperSideDrawer.framework in Frameworks */,
				E7BB36EEB029492EBE7A6061 /* libPods-ViperSideDrawerTests.a in Frameworks */,
			);
			runOnlyForDeploymentPostprocessing = 0;
		};
		40E731631F0E8383007F9786 /* Frameworks */ = {
			isa = PBXFrameworksBuildPhase;
			buildActionMask = 2147483647;
			files = (
			);
			runOnlyForDeploymentPostprocessing = 0;
		};
		40E731761F0E8384007F9786 /* Frameworks */ = {
			isa = PBXFrameworksBuildPhase;
			buildActionMask = 2147483647;
			files = (
			);
			runOnlyForDeploymentPostprocessing = 0;
		};
/* End PBXFrameworksBuildPhase section */

/* Begin PBXGroup section */
		40516C531F0F919000605CCF /* SideMenuModule */ = {
			isa = PBXGroup;
			children = (
				40516C541F0F919000605CCF /* DataManager */,
				40516C571F0F919000605CCF /* Interactor */,
				40516C5A1F0F919000605CCF /* Presenter */,
				40516C5D1F0F919000605CCF /* Router */,
				40516C611F0F919000605CCF /* SideMenuModuleStack.swift */,
				40516C621F0F919000605CCF /* View */,
			);
			path = SideMenuModule;
			sourceTree = "<group>";
		};
		40516C541F0F919000605CCF /* DataManager */ = {
			isa = PBXGroup;
			children = (
				40516C551F0F919000605CCF /* SideMenuDataManager.swift */,
				40516C561F0F919000605CCF /* SideMenuDataManagerProtocols.swift */,
			);
			path = DataManager;
			sourceTree = "<group>";
		};
		40516C571F0F919000605CCF /* Interactor */ = {
			isa = PBXGroup;
			children = (
				40516C581F0F919000605CCF /* SideMenuInteractor.swift */,
				40516C591F0F919000605CCF /* SideMenuInteractorProtocols.swift */,
			);
			path = Interactor;
			sourceTree = "<group>";
		};
		40516C5A1F0F919000605CCF /* Presenter */ = {
			isa = PBXGroup;
			children = (
				40516C5C1F0F919000605CCF /* SideMenuPresenter.swift */,
			);
			path = Presenter;
			sourceTree = "<group>";
		};
		40516C5D1F0F919000605CCF /* Router */ = {
			isa = PBXGroup;
			children = (
				40516C5E1F0F919000605CCF /* SideMenuRouter.swift */,
				40516C5F1F0F919000605CCF /* SideMenuRouterInterface.swift */,
				40516C601F0F919000605CCF /* SideMenuRouterTests.swift */,
			);
			path = Router;
			sourceTree = "<group>";
		};
		40516C621F0F919000605CCF /* View */ = {
			isa = PBXGroup;
			children = (
				40516C631F0F919000605CCF /* SideMenu.storyboard */,
				40516C641F0F919000605CCF /* SideMenuViewController.swift */,
				40516C651F0F919000605CCF /* SideMenuViewProtocols.swift */,
			);
			path = View;
			sourceTree = "<group>";
		};
		40516C661F0F919000605CCF /* MainContainerModule */ = {
			isa = PBXGroup;
			children = (
				40516C671F0F919000605CCF /* DataManager */,
				40516C6A1F0F919000605CCF /* Interactor */,
				40516C6D1F0F919000605CCF /* MainContainerModuleStack.swift */,
				40516C6E1F0F919000605CCF /* Presenter */,
				40516C711F0F919000605CCF /* Router */,
				40516C751F0F919000605CCF /* View */,
			);
			path = MainContainerModule;
			sourceTree = "<group>";
		};
		40516C671F0F919000605CCF /* DataManager */ = {
			isa = PBXGroup;
			children = (
				40516C681F0F919000605CCF /* MainContainerDataManager.swift */,
				40516C691F0F919000605CCF /* MainContainerDataManagerProtocols.swift */,
			);
			path = DataManager;
			sourceTree = "<group>";
		};
		40516C6A1F0F919000605CCF /* Interactor */ = {
			isa = PBXGroup;
			children = (
				40516C6B1F0F919000605CCF /* MainContainerInteractor.swift */,
				40516C6C1F0F919000605CCF /* MainContainerInteractorProtocols.swift */,
			);
			path = Interactor;
			sourceTree = "<group>";
		};
		40516C6E1F0F919000605CCF /* Presenter */ = {
			isa = PBXGroup;
			children = (
				40516C6F1F0F919000605CCF /* MainContainerModuleDelegate.swift */,
				40516C701F0F919000605CCF /* MainContainerPresenter.swift */,
			);
			path = Presenter;
			sourceTree = "<group>";
		};
		40516C711F0F919000605CCF /* Router */ = {
			isa = PBXGroup;
			children = (
				40516C721F0F919000605CCF /* MainContainerRouter.swift */,
				40516C731F0F919000605CCF /* MainContainerRouterInterface.swift */,
				40516C741F0F919000605CCF /* MainContainerRouterTests.swift */,
			);
			path = Router;
			sourceTree = "<group>";
		};
		40516C751F0F919000605CCF /* View */ = {
			isa = PBXGroup;
			children = (
				40516C761F0F919000605CCF /* MainContainer.storyboard */,
				40516C771F0F919000605CCF /* MainContainerViewController.swift */,
				40516C781F0F919000605CCF /* MainContainerViewProtocols.swift */,
			);
			path = View;
			sourceTree = "<group>";
		};
		40516C971F0F9CCF00605CCF /* MainOption1Module */ = {
			isa = PBXGroup;
			children = (
				40516C981F0F9CCF00605CCF /* DataManager */,
				40516C9B1F0F9CCF00605CCF /* Interactor */,
				40516C9E1F0F9CCF00605CCF /* MainOption1ModuleStack.swift */,
				40516C9F1F0F9CCF00605CCF /* Presenter */,
				40516CA21F0F9CCF00605CCF /* Router */,
				40516CA61F0F9CCF00605CCF /* View */,
			);
			path = MainOption1Module;
			sourceTree = "<group>";
		};
		40516C981F0F9CCF00605CCF /* DataManager */ = {
			isa = PBXGroup;
			children = (
				40516C991F0F9CCF00605CCF /* MainOption1DataManager.swift */,
				40516C9A1F0F9CCF00605CCF /* MainOption1DataManagerProtocols.swift */,
			);
			path = DataManager;
			sourceTree = "<group>";
		};
		40516C9B1F0F9CCF00605CCF /* Interactor */ = {
			isa = PBXGroup;
			children = (
				40516C9C1F0F9CCF00605CCF /* MainOption1Interactor.swift */,
				40516C9D1F0F9CCF00605CCF /* MainOption1InteractorProtocols.swift */,
			);
			path = Interactor;
			sourceTree = "<group>";
		};
		40516C9F1F0F9CCF00605CCF /* Presenter */ = {
			isa = PBXGroup;
			children = (
				40516CA01F0F9CCF00605CCF /* MainOption1ModuleDelegate.swift */,
				40516CA11F0F9CCF00605CCF /* MainOption1Presenter.swift */,
			);
			path = Presenter;
			sourceTree = "<group>";
		};
		40516CA21F0F9CCF00605CCF /* Router */ = {
			isa = PBXGroup;
			children = (
				40516CA31F0F9CCF00605CCF /* MainOption1Router.swift */,
				40516CA41F0F9CCF00605CCF /* MainOption1RouterInterface.swift */,
				40516CA51F0F9CCF00605CCF /* MainOption1RouterTests.swift */,
			);
			path = Router;
			sourceTree = "<group>";
		};
		40516CA61F0F9CCF00605CCF /* View */ = {
			isa = PBXGroup;
			children = (
				40516CA71F0F9CCF00605CCF /* MainOption1ViewController.swift */,
				40516CA81F0F9CCF00605CCF /* MainOption1ViewProtocols.swift */,
				40516CD71F0F9D6800605CCF /* MainOption1.storyboard */,
			);
			path = View;
			sourceTree = "<group>";
		};
		40516CB91F0F9D3400605CCF /* MainOption2Module */ = {
			isa = PBXGroup;
			children = (
				40516CBA1F0F9D3400605CCF /* DataManager */,
				40516CBD1F0F9D3400605CCF /* Interactor */,
				40516CC01F0F9D3400605CCF /* MainOption2ModuleStack.swift */,
				40516CC11F0F9D3400605CCF /* Presenter */,
				40516CC41F0F9D3400605CCF /* Router */,
				40516CC81F0F9D3400605CCF /* View */,
			);
			path = MainOption2Module;
			sourceTree = "<group>";
		};
		40516CBA1F0F9D3400605CCF /* DataManager */ = {
			isa = PBXGroup;
			children = (
				40516CBB1F0F9D3400605CCF /* MainOption2DataManager.swift */,
				40516CBC1F0F9D3400605CCF /* MainOption2DataManagerProtocols.swift */,
			);
			path = DataManager;
			sourceTree = "<group>";
		};
		40516CBD1F0F9D3400605CCF /* Interactor */ = {
			isa = PBXGroup;
			children = (
				40516CBE1F0F9D3400605CCF /* MainOption2Interactor.swift */,
				40516CBF1F0F9D3400605CCF /* MainOption2InteractorProtocols.swift */,
			);
			path = Interactor;
			sourceTree = "<group>";
		};
		40516CC11F0F9D3400605CCF /* Presenter */ = {
			isa = PBXGroup;
			children = (
				40516CC21F0F9D3400605CCF /* MainOption2ModuleDelegate.swift */,
				40516CC31F0F9D3400605CCF /* MainOption2Presenter.swift */,
			);
			path = Presenter;
			sourceTree = "<group>";
		};
		40516CC41F0F9D3400605CCF /* Router */ = {
			isa = PBXGroup;
			children = (
				40516CC51F0F9D3400605CCF /* MainOption2Router.swift */,
				40516CC61F0F9D3400605CCF /* MainOption2RouterInterface.swift */,
				40516CC71F0F9D3400605CCF /* MainOption2RouterTests.swift */,
			);
			path = Router;
			sourceTree = "<group>";
		};
		40516CC81F0F9D3400605CCF /* View */ = {
			isa = PBXGroup;
			children = (
				40516CC91F0F9D3400605CCF /* MainOption2ViewController.swift */,
				40516CCA1F0F9D3400605CCF /* MainOption2ViewProtocols.swift */,
				40516CD91F0F9E0A00605CCF /* MainOption2.storyboard */,
			);
			path = View;
			sourceTree = "<group>";
		};
		40516CDD1F0FA29C00605CCF /* SideMenu */ = {
			isa = PBXGroup;
			children = (
				40516CDE1F0FA39C00605CCF /* SideMenuModuleDelegate.swift */,
			);
			name = SideMenu;
			sourceTree = "<group>";
		};
		405260011F0E5B370053F5D9 = {
			isa = PBXGroup;
			children = (
				4052600D1F0E5B370053F5D9 /* ViperSideDrawer */,
				405260181F0E5B370053F5D9 /* ViperSideDrawerTests */,
				40E731671F0E8383007F9786 /* SideMenuSample */,
				40E7317C1F0E8384007F9786 /* SideMenuSampleTests */,
				4052600C1F0E5B370053F5D9 /* Products */,
				B2E6C54F61FD8068A753566C /* Pods */,
				7F76A622626D36A42AE076CD /* Frameworks */,
			);
			sourceTree = "<group>";
		};
		4052600C1F0E5B370053F5D9 /* Products */ = {
			isa = PBXGroup;
			children = (
				4052600B1F0E5B370053F5D9 /* ViperSideDrawer.framework */,
				405260141F0E5B370053F5D9 /* ViperSideDrawerTests.xctest */,
				40E731661F0E8383007F9786 /* SideMenuSample.app */,
				40E731791F0E8384007F9786 /* SideMenuSampleTests.xctest */,
			);
			name = Products;
			sourceTree = "<group>";
		};
		4052600D1F0E5B370053F5D9 /* ViperSideDrawer */ = {
			isa = PBXGroup;
			children = (
				40940C8D1F16633B007AE34F /* Container */,
				40516CDD1F0FA29C00605CCF /* SideMenu */,
				40F54CC61F1BAECB00E52F15 /* MenuOption */,
				40E7308D1F0E5D01007F9786 /* SideDrawerTransition */,
				4052600E1F0E5B370053F5D9 /* ViperSideDrawer.h */,
				4052600F1F0E5B370053F5D9 /* Info.plist */,
			);
			path = ViperSideDrawer;
			sourceTree = "<group>";
		};
		405260181F0E5B370053F5D9 /* ViperSideDrawerTests */ = {
			isa = PBXGroup;
			children = (
				405260191F0E5B370053F5D9 /* ViperSideDrawerTests.m */,
				4052601B1F0E5B370053F5D9 /* Info.plist */,
			);
			path = ViperSideDrawerTests;
			sourceTree = "<group>";
		};
		40940C8D1F16633B007AE34F /* Container */ = {
			isa = PBXGroup;
			children = (
				40940C8E1F166371007AE34F /* UIViewController+Container.swift */,
			);
			name = Container;
			sourceTree = "<group>";
		};
		40E7308D1F0E5D01007F9786 /* SideDrawerTransition */ = {
			isa = PBXGroup;
			children = (
				40E730831F0E5CF5007F9786 /* SlideInPresentationManager.swift */,
				40E730841F0E5CF5007F9786 /* SlideInPresentationController.swift */,
				40E730851F0E5CF5007F9786 /* SlideInPresentationAnimator.swift */,
				40E730861F0E5CF5007F9786 /* RevealPresentationAnimator.swift */,
				40E730871F0E5CF5007F9786 /* RevealPresentationController.swift */,
				B90DBCC21FA0A1B300D96ADF /* SwipeInteractionController.swift */,
				B9F479811F9753A800047A01 /* PercentInteractiveTransition.swift */,
				B9E162BE1F98D20C0032A54C /* TransitionHelper.swift */,
			);
			name = SideDrawerTransition;
			sourceTree = "<group>";
		};
		40E731671F0E8383007F9786 /* SideMenuSample */ = {
			isa = PBXGroup;
			children = (
				40516C531F0F919000605CCF /* SideMenuModule */,
				40516C661F0F919000605CCF /* MainContainerModule */,
				40516C971F0F9CCF00605CCF /* MainOption1Module */,
				40516CB91F0F9D3400605CCF /* MainOption2Module */,
				40E731681F0E8383007F9786 /* AppDelegate.swift */,
				40E7316A1F0E8383007F9786 /* ViewController.swift */,
				40E7316C1F0E8383007F9786 /* Main.storyboard */,
				40E7316F1F0E8383007F9786 /* Assets.xcassets */,
				40E731711F0E8383007F9786 /* LaunchScreen.storyboard */,
				40E731741F0E8383007F9786 /* Info.plist */,
			);
			path = SideMenuSample;
			sourceTree = "<group>";
		};
		40E7317C1F0E8384007F9786 /* SideMenuSampleTests */ = {
			isa = PBXGroup;
			children = (
				40E7317D1F0E8384007F9786 /* SideMenuSampleTests.swift */,
				40E7317F1F0E8384007F9786 /* Info.plist */,
			);
			path = SideMenuSampleTests;
			sourceTree = "<group>";
		};
		40F54CC61F1BAECB00E52F15 /* MenuOption */ = {
			isa = PBXGroup;
			children = (
				40F54CC41F1BAD1200E52F15 /* MenuOptionDelegate.swift */,
			);
			name = MenuOption;
			sourceTree = "<group>";
		};
		7F76A622626D36A42AE076CD /* Frameworks */ = {
			isa = PBXGroup;
			children = (
				74DA9BF599CBB76E7EFB3598 /* libPods-ViperSideDrawer.a */,
				8138D58137638932C9E0D627 /* libPods-ViperSideDrawerTests.a */,
				266C45196870EEB38766BB15 /* Pods_SideMenuSample.framework */,
			);
			name = Frameworks;
			sourceTree = "<group>";
		};
		B2E6C54F61FD8068A753566C /* Pods */ = {
			isa = PBXGroup;
			children = (
				006134971FC1E6C4AA49CABA /* Pods-ViperSideDrawer.debug.xcconfig */,
				D0393DE7827F69A0484242A8 /* Pods-ViperSideDrawer.release.xcconfig */,
				381E8D27C0717F205515CD1A /* Pods-ViperSideDrawerTests.debug.xcconfig */,
				9DD911DD0F81DE0F4527B210 /* Pods-ViperSideDrawerTests.release.xcconfig */,
			);
			name = Pods;
			sourceTree = "<group>";
		};
/* End PBXGroup section */

/* Begin PBXHeadersBuildPhase section */
		405260081F0E5B370053F5D9 /* Headers */ = {
			isa = PBXHeadersBuildPhase;
			buildActionMask = 2147483647;
			files = (
				4052601C1F0E5B370053F5D9 /* ViperSideDrawer.h in Headers */,
			);
			runOnlyForDeploymentPostprocessing = 0;
		};
/* End PBXHeadersBuildPhase section */

/* Begin PBXNativeTarget section */
		4052600A1F0E5B370053F5D9 /* ViperSideDrawer */ = {
			isa = PBXNativeTarget;
			buildConfigurationList = 4052601F1F0E5B370053F5D9 /* Build configuration list for PBXNativeTarget "ViperSideDrawer" */;
			buildPhases = (
				A869476776305770A656395E /* [CP] Check Pods Manifest.lock */,
				405260061F0E5B370053F5D9 /* Sources */,
				405260071F0E5B370053F5D9 /* Frameworks */,
				405260081F0E5B370053F5D9 /* Headers */,
				405260091F0E5B370053F5D9 /* Resources */,
				B8B7225DA72A49A79D604404 /* [CP] Copy Pods Resources */,
			);
			buildRules = (
			);
			dependencies = (
			);
			name = ViperSideDrawer;
			productName = ViperSideDrawer;
			productReference = 4052600B1F0E5B370053F5D9 /* ViperSideDrawer.framework */;
			productType = "com.apple.product-type.framework";
		};
		405260131F0E5B370053F5D9 /* ViperSideDrawerTests */ = {
			isa = PBXNativeTarget;
			buildConfigurationList = 405260221F0E5B370053F5D9 /* Build configuration list for PBXNativeTarget "ViperSideDrawerTests" */;
			buildPhases = (
				D6F7427417E65FBE1CB1FF83 /* [CP] Check Pods Manifest.lock */,
				405260101F0E5B370053F5D9 /* Sources */,
				405260111F0E5B370053F5D9 /* Frameworks */,
				405260121F0E5B370053F5D9 /* Resources */,
				2990EAE784BCB29E90D645E4 /* [CP] Embed Pods Frameworks */,
				7DD4B1A9D3AB7620F9C1748C /* [CP] Copy Pods Resources */,
			);
			buildRules = (
			);
			dependencies = (
				405260171F0E5B370053F5D9 /* PBXTargetDependency */,
			);
			name = ViperSideDrawerTests;
			productName = ViperSideDrawerTests;
			productReference = 405260141F0E5B370053F5D9 /* ViperSideDrawerTests.xctest */;
			productType = "com.apple.product-type.bundle.unit-test";
		};
		40E731651F0E8383007F9786 /* SideMenuSample */ = {
			isa = PBXNativeTarget;
			buildConfigurationList = 40E731841F0E8384007F9786 /* Build configuration list for PBXNativeTarget "SideMenuSample" */;
			buildPhases = (
				40E731621F0E8383007F9786 /* Sources */,
				40E731631F0E8383007F9786 /* Frameworks */,
				40E731641F0E8383007F9786 /* Resources */,
			);
			buildRules = (
			);
			dependencies = (
				40516C521F0F912B00605CCF /* PBXTargetDependency */,
			);
			name = SideMenuSample;
			productName = SideMenuSample;
			productReference = 40E731661F0E8383007F9786 /* SideMenuSample.app */;
			productType = "com.apple.product-type.application";
		};
		40E731781F0E8384007F9786 /* SideMenuSampleTests */ = {
			isa = PBXNativeTarget;
			buildConfigurationList = 40E731851F0E8384007F9786 /* Build configuration list for PBXNativeTarget "SideMenuSampleTests" */;
			buildPhases = (
				40E731751F0E8384007F9786 /* Sources */,
				40E731761F0E8384007F9786 /* Frameworks */,
				40E731771F0E8384007F9786 /* Resources */,
			);
			buildRules = (
			);
			dependencies = (
				40E7317B1F0E8384007F9786 /* PBXTargetDependency */,
			);
			name = SideMenuSampleTests;
			productName = SideMenuSampleTests;
			productReference = 40E731791F0E8384007F9786 /* SideMenuSampleTests.xctest */;
			productType = "com.apple.product-type.bundle.unit-test";
		};
/* End PBXNativeTarget section */

/* Begin PBXProject section */
		405260021F0E5B370053F5D9 /* Project object */ = {
			isa = PBXProject;
			attributes = {
				LastSwiftUpdateCheck = 0830;
				LastUpgradeCheck = 0930;
				ORGANIZATIONNAME = "Cybercom Poland";
				TargetAttributes = {
					4052600A1F0E5B370053F5D9 = {
						CreatedOnToolsVersion = 8.3.3;
						DevelopmentTeam = C6P2EMH7KR;
						LastSwiftMigration = 0930;
						ProvisioningStyle = Automatic;
					};
					405260131F0E5B370053F5D9 = {
						CreatedOnToolsVersion = 8.3.3;
						DevelopmentTeam = C6P2EMH7KR;
						ProvisioningStyle = Automatic;
					};
					40E731651F0E8383007F9786 = {
						CreatedOnToolsVersion = 8.3.3;
						DevelopmentTeam = C6P2EMH7KR;
						ProvisioningStyle = Automatic;
					};
					40E731781F0E8384007F9786 = {
						CreatedOnToolsVersion = 8.3.3;
						DevelopmentTeam = C6P2EMH7KR;
						ProvisioningStyle = Automatic;
						TestTargetID = 40E731651F0E8383007F9786;
					};
				};
			};
			buildConfigurationList = 405260051F0E5B370053F5D9 /* Build configuration list for PBXProject "ViperSideDrawer" */;
			compatibilityVersion = "Xcode 3.2";
			developmentRegion = English;
			hasScannedForEncodings = 0;
			knownRegions = (
				en,
				Base,
			);
			mainGroup = 405260011F0E5B370053F5D9;
			productRefGroup = 4052600C1F0E5B370053F5D9 /* Products */;
			projectDirPath = "";
			projectRoot = "";
			targets = (
				4052600A1F0E5B370053F5D9 /* ViperSideDrawer */,
				405260131F0E5B370053F5D9 /* ViperSideDrawerTests */,
				40E731651F0E8383007F9786 /* SideMenuSample */,
				40E731781F0E8384007F9786 /* SideMenuSampleTests */,
			);
		};
/* End PBXProject section */

/* Begin PBXResourcesBuildPhase section */
		405260091F0E5B370053F5D9 /* Resources */ = {
			isa = PBXResourcesBuildPhase;
			buildActionMask = 2147483647;
			files = (
			);
			runOnlyForDeploymentPostprocessing = 0;
		};
		405260121F0E5B370053F5D9 /* Resources */ = {
			isa = PBXResourcesBuildPhase;
			buildActionMask = 2147483647;
			files = (
			);
			runOnlyForDeploymentPostprocessing = 0;
		};
		40E731641F0E8383007F9786 /* Resources */ = {
			isa = PBXResourcesBuildPhase;
			buildActionMask = 2147483647;
			files = (
				40516CD81F0F9D6800605CCF /* MainOption1.storyboard in Resources */,
				40516C831F0F919000605CCF /* SideMenu.storyboard in Resources */,
				40516C901F0F919000605CCF /* MainContainer.storyboard in Resources */,
				40516CDA1F0F9E0A00605CCF /* MainOption2.storyboard in Resources */,
				40E731731F0E8383007F9786 /* LaunchScreen.storyboard in Resources */,
				40E731701F0E8383007F9786 /* Assets.xcassets in Resources */,
				40E7316E1F0E8383007F9786 /* Main.storyboard in Resources */,
			);
			runOnlyForDeploymentPostprocessing = 0;
		};
		40E731771F0E8384007F9786 /* Resources */ = {
			isa = PBXResourcesBuildPhase;
			buildActionMask = 2147483647;
			files = (
			);
			runOnlyForDeploymentPostprocessing = 0;
		};
/* End PBXResourcesBuildPhase section */

/* Begin PBXShellScriptBuildPhase section */
		2990EAE784BCB29E90D645E4 /* [CP] Embed Pods Frameworks */ = {
			isa = PBXShellScriptBuildPhase;
			buildActionMask = 2147483647;
			files = (
			);
			inputPaths = (
			);
			name = "[CP] Embed Pods Frameworks";
			outputPaths = (
			);
			runOnlyForDeploymentPostprocessing = 0;
			shellPath = /bin/sh;
			shellScript = "\"${SRCROOT}/Pods/Target Support Files/Pods-ViperSideDrawerTests/Pods-ViperSideDrawerTests-frameworks.sh\"\n";
			showEnvVarsInLog = 0;
		};
		7DD4B1A9D3AB7620F9C1748C /* [CP] Copy Pods Resources */ = {
			isa = PBXShellScriptBuildPhase;
			buildActionMask = 2147483647;
			files = (
			);
			inputPaths = (
			);
			name = "[CP] Copy Pods Resources";
			outputPaths = (
			);
			runOnlyForDeploymentPostprocessing = 0;
			shellPath = /bin/sh;
			shellScript = "\"${SRCROOT}/Pods/Target Support Files/Pods-ViperSideDrawerTests/Pods-ViperSideDrawerTests-resources.sh\"\n";
			showEnvVarsInLog = 0;
		};
		A869476776305770A656395E /* [CP] Check Pods Manifest.lock */ = {
			isa = PBXShellScriptBuildPhase;
			buildActionMask = 2147483647;
			files = (
			);
			inputPaths = (
			);
			name = "[CP] Check Pods Manifest.lock";
			outputPaths = (
			);
			runOnlyForDeploymentPostprocessing = 0;
			shellPath = /bin/sh;
			shellScript = "diff \"${PODS_PODFILE_DIR_PATH}/Podfile.lock\" \"${PODS_ROOT}/Manifest.lock\" > /dev/null\nif [ $? != 0 ] ; then\n    # print error to STDERR\n    echo \"error: The sandbox is not in sync with the Podfile.lock. Run 'pod install' or update your CocoaPods installation.\" >&2\n    exit 1\nfi\n";
			showEnvVarsInLog = 0;
		};
		B8B7225DA72A49A79D604404 /* [CP] Copy Pods Resources */ = {
			isa = PBXShellScriptBuildPhase;
			buildActionMask = 2147483647;
			files = (
			);
			inputPaths = (
			);
			name = "[CP] Copy Pods Resources";
			outputPaths = (
			);
			runOnlyForDeploymentPostprocessing = 0;
			shellPath = /bin/sh;
			shellScript = "\"${SRCROOT}/Pods/Target Support Files/Pods-ViperSideDrawer/Pods-ViperSideDrawer-resources.sh\"\n";
			showEnvVarsInLog = 0;
		};
		D6F7427417E65FBE1CB1FF83 /* [CP] Check Pods Manifest.lock */ = {
			isa = PBXShellScriptBuildPhase;
			buildActionMask = 2147483647;
			files = (
			);
			inputPaths = (
			);
			name = "[CP] Check Pods Manifest.lock";
			outputPaths = (
			);
			runOnlyForDeploymentPostprocessing = 0;
			shellPath = /bin/sh;
			shellScript = "diff \"${PODS_PODFILE_DIR_PATH}/Podfile.lock\" \"${PODS_ROOT}/Manifest.lock\" > /dev/null\nif [ $? != 0 ] ; then\n    # print error to STDERR\n    echo \"error: The sandbox is not in sync with the Podfile.lock. Run 'pod install' or update your CocoaPods installation.\" >&2\n    exit 1\nfi\n";
			showEnvVarsInLog = 0;
		};
/* End PBXShellScriptBuildPhase section */

/* Begin PBXSourcesBuildPhase section */
		405260061F0E5B370053F5D9 /* Sources */ = {
			isa = PBXSourcesBuildPhase;
			buildActionMask = 2147483647;
			files = (
				B9F479821F9753A800047A01 /* PercentInteractiveTransition.swift in Sources */,
				40E730891F0E5CF5007F9786 /* SlideInPresentationController.swift in Sources */,
				40516CDF1F0FA39C00605CCF /* SideMenuModuleDelegate.swift in Sources */,
				40E7308A1F0E5CF5007F9786 /* SlideInPresentationAnimator.swift in Sources */,
				40E7308B1F0E5CF5007F9786 /* RevealPresentationAnimator.swift in Sources */,
				40F54CC51F1BAD1200E52F15 /* MenuOptionDelegate.swift in Sources */,
				B9E162BF1F98D20C0032A54C /* TransitionHelper.swift in Sources */,
				40E730881F0E5CF5007F9786 /* SlideInPresentationManager.swift in Sources */,
				40940C8F1F166371007AE34F /* UIViewController+Container.swift in Sources */,
				B90DBCC31FA0A1B300D96ADF /* SwipeInteractionController.swift in Sources */,
				40E7308C1F0E5CF5007F9786 /* RevealPresentationController.swift in Sources */,
			);
			runOnlyForDeploymentPostprocessing = 0;
		};
		405260101F0E5B370053F5D9 /* Sources */ = {
			isa = PBXSourcesBuildPhase;
			buildActionMask = 2147483647;
			files = (
				4052601A1F0E5B370053F5D9 /* ViperSideDrawerTests.m in Sources */,
			);
			runOnlyForDeploymentPostprocessing = 0;
		};
		40E731621F0E8383007F9786 /* Sources */ = {
			isa = PBXSourcesBuildPhase;
			buildActionMask = 2147483647;
			files = (
				40516C911F0F919000605CCF /* MainContainerViewController.swift in Sources */,
				40516CAA1F0F9CCF00605CCF /* MainOption1DataManagerProtocols.swift in Sources */,
				40516CB01F0F9CCF00605CCF /* MainOption1Router.swift in Sources */,
				40516C851F0F919000605CCF /* SideMenuViewProtocols.swift in Sources */,
				40516C891F0F919000605CCF /* MainContainerInteractorProtocols.swift in Sources */,
				40516CAB1F0F9CCF00605CCF /* MainOption1Interactor.swift in Sources */,
				40516C7F1F0F919000605CCF /* SideMenuRouter.swift in Sources */,
				40516C871F0F919000605CCF /* MainContainerDataManagerProtocols.swift in Sources */,
				40516C841F0F919000605CCF /* SideMenuViewController.swift in Sources */,
				40516CD11F0F9D3400605CCF /* MainOption2Presenter.swift in Sources */,
				40516C801F0F919000605CCF /* SideMenuRouterInterface.swift in Sources */,
				40516CCF1F0F9D3400605CCF /* MainOption2ModuleStack.swift in Sources */,
				40516C791F0F919000605CCF /* SideMenuDataManager.swift in Sources */,
				40516C921F0F919000605CCF /* MainContainerViewProtocols.swift in Sources */,
				40516C7B1F0F919000605CCF /* SideMenuInteractor.swift in Sources */,
				40516C8C1F0F919000605CCF /* MainContainerPresenter.swift in Sources */,
				40516CD31F0F9D3400605CCF /* MainOption2RouterInterface.swift in Sources */,
				40516CCD1F0F9D3400605CCF /* MainOption2Interactor.swift in Sources */,
				40516C7A1F0F919000605CCF /* SideMenuDataManagerProtocols.swift in Sources */,
				40516CCC1F0F9D3400605CCF /* MainOption2DataManagerProtocols.swift in Sources */,
				40516CD01F0F9D3400605CCF /* MainOption2ModuleDelegate.swift in Sources */,
				40516CCB1F0F9D3400605CCF /* MainOption2DataManager.swift in Sources */,
				40516C7E1F0F919000605CCF /* SideMenuPresenter.swift in Sources */,
				40516CD61F0F9D3400605CCF /* MainOption2ViewProtocols.swift in Sources */,
				40E7316B1F0E8383007F9786 /* ViewController.swift in Sources */,
				40516C881F0F919000605CCF /* MainContainerInteractor.swift in Sources */,
				40516CAF1F0F9CCF00605CCF /* MainOption1Presenter.swift in Sources */,
				40516CCE1F0F9D3400605CCF /* MainOption2InteractorProtocols.swift in Sources */,
				40516CB31F0F9CCF00605CCF /* MainOption1ViewController.swift in Sources */,
				40516CAC1F0F9CCF00605CCF /* MainOption1InteractorProtocols.swift in Sources */,
				40516C8D1F0F919000605CCF /* MainContainerRouter.swift in Sources */,
				40516C861F0F919000605CCF /* MainContainerDataManager.swift in Sources */,
				40516CD21F0F9D3400605CCF /* MainOption2Router.swift in Sources */,
				40516C8B1F0F919000605CCF /* MainContainerModuleDelegate.swift in Sources */,
				40516C7C1F0F919000605CCF /* SideMenuInteractorProtocols.swift in Sources */,
				40516CA91F0F9CCF00605CCF /* MainOption1DataManager.swift in Sources */,
				40516CB11F0F9CCF00605CCF /* MainOption1RouterInterface.swift in Sources */,
				40516CAE1F0F9CCF00605CCF /* MainOption1ModuleDelegate.swift in Sources */,
				40516C821F0F919000605CCF /* SideMenuModuleStack.swift in Sources */,
				40516C8A1F0F919000605CCF /* MainContainerModuleStack.swift in Sources */,
				40516CD51F0F9D3400605CCF /* MainOption2ViewController.swift in Sources */,
				40516CB41F0F9CCF00605CCF /* MainOption1ViewProtocols.swift in Sources */,
				40E731691F0E8383007F9786 /* AppDelegate.swift in Sources */,
				40516C8E1F0F919000605CCF /* MainContainerRouterInterface.swift in Sources */,
				40516CAD1F0F9CCF00605CCF /* MainOption1ModuleStack.swift in Sources */,
			);
			runOnlyForDeploymentPostprocessing = 0;
		};
		40E731751F0E8384007F9786 /* Sources */ = {
			isa = PBXSourcesBuildPhase;
			buildActionMask = 2147483647;
			files = (
				40516CDC1F0F9E7B00605CCF /* MainOption1RouterTests.swift in Sources */,
				40516C941F0F926400605CCF /* MainContainerRouterTests.swift in Sources */,
				40516C931F0F925B00605CCF /* SideMenuRouterTests.swift in Sources */,
				40E7317E1F0E8384007F9786 /* SideMenuSampleTests.swift in Sources */,
				B955F7162089E97F0090314E /* MenuOptionDelegate.swift in Sources */,
				40516CDB1F0F9E4C00605CCF /* MainOption2RouterTests.swift in Sources */,
			);
			runOnlyForDeploymentPostprocessing = 0;
		};
/* End PBXSourcesBuildPhase section */

/* Begin PBXTargetDependency section */
		40516C521F0F912B00605CCF /* PBXTargetDependency */ = {
			isa = PBXTargetDependency;
			target = 4052600A1F0E5B370053F5D9 /* ViperSideDrawer */;
			targetProxy = 40516C511F0F912B00605CCF /* PBXContainerItemProxy */;
		};
		405260171F0E5B370053F5D9 /* PBXTargetDependency */ = {
			isa = PBXTargetDependency;
			target = 4052600A1F0E5B370053F5D9 /* ViperSideDrawer */;
			targetProxy = 405260161F0E5B370053F5D9 /* PBXContainerItemProxy */;
		};
		40E7317B1F0E8384007F9786 /* PBXTargetDependency */ = {
			isa = PBXTargetDependency;
			target = 40E731651F0E8383007F9786 /* SideMenuSample */;
			targetProxy = 40E7317A1F0E8384007F9786 /* PBXContainerItemProxy */;
		};
/* End PBXTargetDependency section */

/* Begin PBXVariantGroup section */
		40E7316C1F0E8383007F9786 /* Main.storyboard */ = {
			isa = PBXVariantGroup;
			children = (
				40E7316D1F0E8383007F9786 /* Base */,
			);
			name = Main.storyboard;
			sourceTree = "<group>";
		};
		40E731711F0E8383007F9786 /* LaunchScreen.storyboard */ = {
			isa = PBXVariantGroup;
			children = (
				40E731721F0E8383007F9786 /* Base */,
			);
			name = LaunchScreen.storyboard;
			sourceTree = "<group>";
		};
/* End PBXVariantGroup section */

/* Begin XCBuildConfiguration section */
		4052601D1F0E5B370053F5D9 /* Debug */ = {
			isa = XCBuildConfiguration;
			buildSettings = {
				ALWAYS_SEARCH_USER_PATHS = NO;
				CLANG_ANALYZER_NONNULL = YES;
				CLANG_ANALYZER_NUMBER_OBJECT_CONVERSION = YES_AGGRESSIVE;
				CLANG_CXX_LANGUAGE_STANDARD = "gnu++0x";
				CLANG_CXX_LIBRARY = "libc++";
				CLANG_ENABLE_MODULES = YES;
				CLANG_ENABLE_OBJC_ARC = YES;
				CLANG_WARN_BLOCK_CAPTURE_AUTORELEASING = YES;
				CLANG_WARN_BOOL_CONVERSION = YES;
				CLANG_WARN_COMMA = YES;
				CLANG_WARN_CONSTANT_CONVERSION = YES;
				CLANG_WARN_DEPRECATED_OBJC_IMPLEMENTATIONS = YES;
				CLANG_WARN_DIRECT_OBJC_ISA_USAGE = YES_ERROR;
				CLANG_WARN_DOCUMENTATION_COMMENTS = YES;
				CLANG_WARN_EMPTY_BODY = YES;
				CLANG_WARN_ENUM_CONVERSION = YES;
				CLANG_WARN_INFINITE_RECURSION = YES;
				CLANG_WARN_INT_CONVERSION = YES;
				CLANG_WARN_NON_LITERAL_NULL_CONVERSION = YES;
				CLANG_WARN_OBJC_IMPLICIT_RETAIN_SELF = YES;
				CLANG_WARN_OBJC_LITERAL_CONVERSION = YES;
				CLANG_WARN_OBJC_ROOT_CLASS = YES_ERROR;
				CLANG_WARN_RANGE_LOOP_ANALYSIS = YES;
				CLANG_WARN_STRICT_PROTOTYPES = YES;
				CLANG_WARN_SUSPICIOUS_MOVE = YES;
				CLANG_WARN_UNREACHABLE_CODE = YES;
				CLANG_WARN__DUPLICATE_METHOD_MATCH = YES;
				"CODE_SIGN_IDENTITY[sdk=iphoneos*]" = "iPhone Developer";
				COPY_PHASE_STRIP = NO;
				CURRENT_PROJECT_VERSION = 1;
				DEBUG_INFORMATION_FORMAT = dwarf;
				ENABLE_STRICT_OBJC_MSGSEND = YES;
				ENABLE_TESTABILITY = YES;
				GCC_C_LANGUAGE_STANDARD = gnu99;
				GCC_DYNAMIC_NO_PIC = NO;
				GCC_NO_COMMON_BLOCKS = YES;
				GCC_OPTIMIZATION_LEVEL = 0;
				GCC_PREPROCESSOR_DEFINITIONS = (
					"DEBUG=1",
					"$(inherited)",
				);
				GCC_WARN_64_TO_32_BIT_CONVERSION = YES;
				GCC_WARN_ABOUT_RETURN_TYPE = YES_ERROR;
				GCC_WARN_UNDECLARED_SELECTOR = YES;
				GCC_WARN_UNINITIALIZED_AUTOS = YES_AGGRESSIVE;
				GCC_WARN_UNUSED_FUNCTION = YES;
				GCC_WARN_UNUSED_VARIABLE = YES;
				IPHONEOS_DEPLOYMENT_TARGET = 10.3;
				MTL_ENABLE_DEBUG_INFO = YES;
				ONLY_ACTIVE_ARCH = YES;
				SDKROOT = iphoneos;
				TARGETED_DEVICE_FAMILY = "1,2";
				VERSIONING_SYSTEM = "apple-generic";
				VERSION_INFO_PREFIX = "";
			};
			name = Debug;
		};
		4052601E1F0E5B370053F5D9 /* Release */ = {
			isa = XCBuildConfiguration;
			buildSettings = {
				ALWAYS_SEARCH_USER_PATHS = NO;
				CLANG_ANALYZER_NONNULL = YES;
				CLANG_ANALYZER_NUMBER_OBJECT_CONVERSION = YES_AGGRESSIVE;
				CLANG_CXX_LANGUAGE_STANDARD = "gnu++0x";
				CLANG_CXX_LIBRARY = "libc++";
				CLANG_ENABLE_MODULES = YES;
				CLANG_ENABLE_OBJC_ARC = YES;
				CLANG_WARN_BLOCK_CAPTURE_AUTORELEASING = YES;
				CLANG_WARN_BOOL_CONVERSION = YES;
				CLANG_WARN_COMMA = YES;
				CLANG_WARN_CONSTANT_CONVERSION = YES;
				CLANG_WARN_DEPRECATED_OBJC_IMPLEMENTATIONS = YES;
				CLANG_WARN_DIRECT_OBJC_ISA_USAGE = YES_ERROR;
				CLANG_WARN_DOCUMENTATION_COMMENTS = YES;
				CLANG_WARN_EMPTY_BODY = YES;
				CLANG_WARN_ENUM_CONVERSION = YES;
				CLANG_WARN_INFINITE_RECURSION = YES;
				CLANG_WARN_INT_CONVERSION = YES;
				CLANG_WARN_NON_LITERAL_NULL_CONVERSION = YES;
				CLANG_WARN_OBJC_IMPLICIT_RETAIN_SELF = YES;
				CLANG_WARN_OBJC_LITERAL_CONVERSION = YES;
				CLANG_WARN_OBJC_ROOT_CLASS = YES_ERROR;
				CLANG_WARN_RANGE_LOOP_ANALYSIS = YES;
				CLANG_WARN_STRICT_PROTOTYPES = YES;
				CLANG_WARN_SUSPICIOUS_MOVE = YES;
				CLANG_WARN_UNREACHABLE_CODE = YES;
				CLANG_WARN__DUPLICATE_METHOD_MATCH = YES;
				"CODE_SIGN_IDENTITY[sdk=iphoneos*]" = "iPhone Developer";
				COPY_PHASE_STRIP = NO;
				CURRENT_PROJECT_VERSION = 1;
				DEBUG_INFORMATION_FORMAT = "dwarf-with-dsym";
				ENABLE_NS_ASSERTIONS = NO;
				ENABLE_STRICT_OBJC_MSGSEND = YES;
				GCC_C_LANGUAGE_STANDARD = gnu99;
				GCC_NO_COMMON_BLOCKS = YES;
				GCC_WARN_64_TO_32_BIT_CONVERSION = YES;
				GCC_WARN_ABOUT_RETURN_TYPE = YES_ERROR;
				GCC_WARN_UNDECLARED_SELECTOR = YES;
				GCC_WARN_UNINITIALIZED_AUTOS = YES_AGGRESSIVE;
				GCC_WARN_UNUSED_FUNCTION = YES;
				GCC_WARN_UNUSED_VARIABLE = YES;
				IPHONEOS_DEPLOYMENT_TARGET = 10.3;
				MTL_ENABLE_DEBUG_INFO = NO;
				SDKROOT = iphoneos;
				SWIFT_COMPILATION_MODE = wholemodule;
				TARGETED_DEVICE_FAMILY = "1,2";
				VALIDATE_PRODUCT = YES;
				VERSIONING_SYSTEM = "apple-generic";
				VERSION_INFO_PREFIX = "";
			};
			name = Release;
		};
		405260201F0E5B370053F5D9 /* Debug */ = {
			isa = XCBuildConfiguration;
			baseConfigurationReference = 006134971FC1E6C4AA49CABA /* Pods-ViperSideDrawer.debug.xcconfig */;
			buildSettings = {
				CLANG_ENABLE_MODULES = YES;
				CODE_SIGN_IDENTITY = "";
				DEFINES_MODULE = YES;
				DEVELOPMENT_TEAM = C6P2EMH7KR;
				DYLIB_COMPATIBILITY_VERSION = 1;
				DYLIB_CURRENT_VERSION = 1;
				DYLIB_INSTALL_NAME_BASE = "@rpath";
				INFOPLIST_FILE = ViperSideDrawer/Info.plist;
				INSTALL_PATH = "$(LOCAL_LIBRARY_DIR)/Frameworks";
				LD_RUNPATH_SEARCH_PATHS = "$(inherited) @executable_path/Frameworks @loader_path/Frameworks";
				PRODUCT_BUNDLE_IDENTIFIER = pl.cybercom.ViperSideDrawer;
				PRODUCT_NAME = "$(TARGET_NAME)";
				SKIP_INSTALL = YES;
				SWIFT_OPTIMIZATION_LEVEL = "-Onone";
				SWIFT_SWIFT3_OBJC_INFERENCE = Default;
				SWIFT_VERSION = 4.0;
			};
			name = Debug;
		};
		405260211F0E5B370053F5D9 /* Release */ = {
			isa = XCBuildConfiguration;
			baseConfigurationReference = D0393DE7827F69A0484242A8 /* Pods-ViperSideDrawer.release.xcconfig */;
			buildSettings = {
				CLANG_ENABLE_MODULES = YES;
				CODE_SIGN_IDENTITY = "";
				DEFINES_MODULE = YES;
				DEVELOPMENT_TEAM = C6P2EMH7KR;
				DYLIB_COMPATIBILITY_VERSION = 1;
				DYLIB_CURRENT_VERSION = 1;
				DYLIB_INSTALL_NAME_BASE = "@rpath";
				INFOPLIST_FILE = ViperSideDrawer/Info.plist;
				INSTALL_PATH = "$(LOCAL_LIBRARY_DIR)/Frameworks";
				LD_RUNPATH_SEARCH_PATHS = "$(inherited) @executable_path/Frameworks @loader_path/Frameworks";
				PRODUCT_BUNDLE_IDENTIFIER = pl.cybercom.ViperSideDrawer;
				PRODUCT_NAME = "$(TARGET_NAME)";
				SKIP_INSTALL = YES;
				SWIFT_SWIFT3_OBJC_INFERENCE = Default;
				SWIFT_VERSION = 4.0;
			};
			name = Release;
		};
		405260231F0E5B370053F5D9 /* Debug */ = {
			isa = XCBuildConfiguration;
			baseConfigurationReference = 381E8D27C0717F205515CD1A /* Pods-ViperSideDrawerTests.debug.xcconfig */;
			buildSettings = {
				ALWAYS_EMBED_SWIFT_STANDARD_LIBRARIES = YES;
				DEVELOPMENT_TEAM = C6P2EMH7KR;
				INFOPLIST_FILE = ViperSideDrawerTests/Info.plist;
				LD_RUNPATH_SEARCH_PATHS = "$(inherited) @executable_path/Frameworks @loader_path/Frameworks";
				PRODUCT_BUNDLE_IDENTIFIER = pl.cybercom.ViperSideDrawerTests;
				PRODUCT_NAME = "$(TARGET_NAME)";
			};
			name = Debug;
		};
		405260241F0E5B370053F5D9 /* Release */ = {
			isa = XCBuildConfiguration;
			baseConfigurationReference = 9DD911DD0F81DE0F4527B210 /* Pods-ViperSideDrawerTests.release.xcconfig */;
			buildSettings = {
				ALWAYS_EMBED_SWIFT_STANDARD_LIBRARIES = YES;
				DEVELOPMENT_TEAM = C6P2EMH7KR;
				INFOPLIST_FILE = ViperSideDrawerTests/Info.plist;
				LD_RUNPATH_SEARCH_PATHS = "$(inherited) @executable_path/Frameworks @loader_path/Frameworks";
				PRODUCT_BUNDLE_IDENTIFIER = pl.cybercom.ViperSideDrawerTests;
				PRODUCT_NAME = "$(TARGET_NAME)";
			};
			name = Release;
		};
		40E731801F0E8384007F9786 /* Debug */ = {
			isa = XCBuildConfiguration;
			buildSettings = {
				ASSETCATALOG_COMPILER_APPICON_NAME = AppIcon;
				DEVELOPMENT_TEAM = C6P2EMH7KR;
				INFOPLIST_FILE = SideMenuSample/Info.plist;
				LD_RUNPATH_SEARCH_PATHS = "$(inherited) @executable_path/Frameworks";
				PRODUCT_BUNDLE_IDENTIFIER = pl.cybercom.SideMenuSample;
				PRODUCT_NAME = "$(TARGET_NAME)";
				SWIFT_ACTIVE_COMPILATION_CONDITIONS = DEBUG;
				SWIFT_OPTIMIZATION_LEVEL = "-Onone";
				SWIFT_VERSION = 3.0;
			};
			name = Debug;
		};
		40E731811F0E8384007F9786 /* Release */ = {
			isa = XCBuildConfiguration;
			buildSettings = {
				ASSETCATALOG_COMPILER_APPICON_NAME = AppIcon;
				DEVELOPMENT_TEAM = C6P2EMH7KR;
				INFOPLIST_FILE = SideMenuSample/Info.plist;
				LD_RUNPATH_SEARCH_PATHS = "$(inherited) @executable_path/Frameworks";
				PRODUCT_BUNDLE_IDENTIFIER = pl.cybercom.SideMenuSample;
				PRODUCT_NAME = "$(TARGET_NAME)";
				SWIFT_OPTIMIZATION_LEVEL = "-Owholemodule";
				SWIFT_VERSION = 3.0;
			};
			name = Release;
		};
		40E731821F0E8384007F9786 /* Debug */ = {
			isa = XCBuildConfiguration;
			buildSettings = {
				ALWAYS_EMBED_SWIFT_STANDARD_LIBRARIES = YES;
				BUNDLE_LOADER = "$(TEST_HOST)";
				DEVELOPMENT_TEAM = C6P2EMH7KR;
				INFOPLIST_FILE = SideMenuSampleTests/Info.plist;
				LD_RUNPATH_SEARCH_PATHS = "$(inherited) @executable_path/Frameworks @loader_path/Frameworks";
				PRODUCT_BUNDLE_IDENTIFIER = pl.cybercom.SideMenuSampleTests;
				PRODUCT_NAME = "$(TARGET_NAME)";
				SWIFT_ACTIVE_COMPILATION_CONDITIONS = DEBUG;
				SWIFT_OPTIMIZATION_LEVEL = "-Onone";
				SWIFT_VERSION = 3.0;
				TEST_HOST = "$(BUILT_PRODUCTS_DIR)/SideMenuSample.app/SideMenuSample";
			};
			name = Debug;
		};
		40E731831F0E8384007F9786 /* Release */ = {
			isa = XCBuildConfiguration;
			buildSettings = {
				ALWAYS_EMBED_SWIFT_STANDARD_LIBRARIES = YES;
				BUNDLE_LOADER = "$(TEST_HOST)";
				DEVELOPMENT_TEAM = C6P2EMH7KR;
				INFOPLIST_FILE = SideMenuSampleTests/Info.plist;
				LD_RUNPATH_SEARCH_PATHS = "$(inherited) @executable_path/Frameworks @loader_path/Frameworks";
				PRODUCT_BUNDLE_IDENTIFIER = pl.cybercom.SideMenuSampleTests;
				PRODUCT_NAME = "$(TARGET_NAME)";
				SWIFT_OPTIMIZATION_LEVEL = "-Owholemodule";
				SWIFT_VERSION = 3.0;
				TEST_HOST = "$(BUILT_PRODUCTS_DIR)/SideMenuSample.app/SideMenuSample";
			};
			name = Release;
		};
/* End XCBuildConfiguration section */

/* Begin XCConfigurationList section */
		405260051F0E5B370053F5D9 /* Build configuration list for PBXProject "ViperSideDrawer" */ = {
			isa = XCConfigurationList;
			buildConfigurations = (
				4052601D1F0E5B370053F5D9 /* Debug */,
				4052601E1F0E5B370053F5D9 /* Release */,
			);
			defaultConfigurationIsVisible = 0;
			defaultConfigurationName = Release;
		};
		4052601F1F0E5B370053F5D9 /* Build configuration list for PBXNativeTarget "ViperSideDrawer" */ = {
			isa = XCConfigurationList;
			buildConfigurations = (
				405260201F0E5B370053F5D9 /* Debug */,
				405260211F0E5B370053F5D9 /* Release */,
			);
			defaultConfigurationIsVisible = 0;
			defaultConfigurationName = Release;
		};
		405260221F0E5B370053F5D9 /* Build configuration list for PBXNativeTarget "ViperSideDrawerTests" */ = {
			isa = XCConfigurationList;
			buildConfigurations = (
				405260231F0E5B370053F5D9 /* Debug */,
				405260241F0E5B370053F5D9 /* Release */,
			);
			defaultConfigurationIsVisible = 0;
			defaultConfigurationName = Release;
		};
		40E731841F0E8384007F9786 /* Build configuration list for PBXNativeTarget "SideMenuSample" */ = {
			isa = XCConfigurationList;
			buildConfigurations = (
				40E731801F0E8384007F9786 /* Debug */,
				40E731811F0E8384007F9786 /* Release */,
			);
			defaultConfigurationIsVisible = 0;
			defaultConfigurationName = Release;
		};
		40E731851F0E8384007F9786 /* Build configuration list for PBXNativeTarget "SideMenuSampleTests" */ = {
			isa = XCConfigurationList;
			buildConfigurations = (
				40E731821F0E8384007F9786 /* Debug */,
				40E731831F0E8384007F9786 /* Release */,
			);
			defaultConfigurationIsVisible = 0;
			defaultConfigurationName = Release;
		};
/* End XCConfigurationList section */
	};
	rootObject = 405260021F0E5B370053F5D9 /* Project object */;
}
